
Microsoft Visual Studio Solution File, Format Version 12.00
# Visual Studio Version 17
VisualStudioVersion = 17.1.32210.238
MinimumVisualStudioVersion = 10.0.40219.1
Project("{FAE04EC0-301F-11D3-BF4B-00C04F79EFBC}") = "MCL.Series", "MCL.Series\MCL.Series.csproj", "{2311BBDD-15E9-4DCE-8177-69F44DEB47A4}"
EndProject
Global
	GlobalSection(SolutionConfigurationPlatforms) = preSolution
		Debug|Any CPU = Debug|Any CPU
		Release|Any CPU = Release|Any CPU
	EndGlobalSection
	GlobalSection(ProjectConfigurationPlatforms) = postSolution
		{2311BBDD-15E9-4DCE-8177-69F44DEB47A4}.Debug|Any CPU.ActiveCfg = Debug|Any CPU
		{2311BBDD-15E9-4DCE-8177-69F44DEB47A4}.Debug|Any CPU.Build.0 = Debug|Any CPU
		{2311BBDD-15E9-4DCE-8177-69F44DEB47A4}.Release|Any CPU.ActiveCfg = Release|Any CPU
		{2311BBDD-15E9-4DCE-8177-69F44DEB47A4}.Release|Any CPU.Build.0 = Release|Any CPU
	EndGlobalSection
	GlobalSection(SolutionProperties) = preSolution
		HideSolutionNode = FALSE
	EndGlobalSection
	GlobalSection(ExtensibilityGlobals) = postSolution
		SolutionGuid = {56F049C6-F343-4E49-9D56-44FE0B4AEEFC}
	EndGlobalSection
EndGlobal
